
Microsoft Visual Studio Solution File, Format Version 12.00
# Visual Studio 15
Project("{FAE04EC0-301F-11D3-BF4B-00C04F79EFBC}") = "lab03_09", "lab03_09\lab03_09.csproj", "{A0450EAF-8173-4652-966F-51CF68DFB533}"
EndProject
Global
	GlobalSection(SolutionConfigurationPlatforms) = preSolution
		Debug|Any CPU = Debug|Any CPU
		Release|Any CPU = Release|Any CPU
	EndGlobalSection
	GlobalSection(ProjectConfigurationPlatforms) = postSolution
		{A0450EAF-8173-4652-966F-51CF68DFB533}.Debug|Any CPU.ActiveCfg = Debug|Any CPU
		{A0450EAF-8173-4652-966F-51CF68DFB533}.Debug|Any CPU.Build.0 = Debug|Any CPU
		{A0450EAF-8173-4652-966F-51CF68DFB533}.Release|Any CPU.ActiveCfg = Release|Any CPU
		{A0450EAF-8173-4652-966F-51CF68DFB533}.Release|Any CPU.Build.0 = Release|Any CPU
	EndGlobalSection
EndGlobal
